
Microsoft Visual Studio Solution File, Format Version 12.00
# Visual Studio Version 17
VisualStudioVersion = 17.2.32616.157
MinimumVisualStudioVersion = 10.0.40219.1
Project("{FAE04EC0-301F-11D3-BF4B-00C04F79EFBC}") = "MethodsExercise", "MethodsExercise\MethodsExercise.csproj", "{B1E58B2C-8F43-4CBE-81ED-547128E6AD3E}"
EndProject
Global
	GlobalSection(SolutionConfigurationPlatforms) = preSolution
		Debug|Any CPU = Debug|Any CPU
		Release|Any CPU = Release|Any CPU
	EndGlobalSection
	GlobalSection(ProjectConfigurationPlatforms) = postSolution
		{B1E58B2C-8F43-4CBE-81ED-547128E6AD3E}.Debug|Any CPU.ActiveCfg = Debug|Any CPU
		{B1E58B2C-8F43-4CBE-81ED-547128E6AD3E}.Debug|Any CPU.Build.0 = Debug|Any CPU
		{B1E58B2C-8F43-4CBE-81ED-547128E6AD3E}.Release|Any CPU.ActiveCfg = Release|Any CPU
		{B1E58B2C-8F43-4CBE-81ED-547128E6AD3E}.Release|Any CPU.Build.0 = Release|Any CPU
	EndGlobalSection
	GlobalSection(SolutionProperties) = preSolution
		HideSolutionNode = FALSE
	EndGlobalSection
	GlobalSection(ExtensibilityGlobals) = postSolution
		SolutionGuid = {6A4F0D28-4C05-490D-8B64-F548C1ACB4A2}
	EndGlobalSection
EndGlobal
